
Microsoft Visual Studio Solution File, Format Version 12.00
# Visual Studio Version 17
VisualStudioVersion = 17.14.37111.16 d17.14
MinimumVisualStudioVersion = 10.0.40219.1
Project("{FAE04EC0-301F-11D3-BF4B-00C04F79EFBC}") = "Function(1)-tasks", "Function(1)-tasks.csproj", "{002B59DE-132B-4033-A512-2BBAC78D247C}"
EndProject
Global
	GlobalSection(SolutionConfigurationPlatforms) = preSolution
		Debug|Any CPU = Debug|Any CPU
		Release|Any CPU = Release|Any CPU
	EndGlobalSection
	GlobalSection(ProjectConfigurationPlatforms) = postSolution
		{002B59DE-132B-4033-A512-2BBAC78D247C}.Debug|Any CPU.ActiveCfg = Debug|Any CPU
		{002B59DE-132B-4033-A512-2BBAC78D247C}.Debug|Any CPU.Build.0 = Debug|Any CPU
		{002B59DE-132B-4033-A512-2BBAC78D247C}.Release|Any CPU.ActiveCfg = Release|Any CPU
		{002B59DE-132B-4033-A512-2BBAC78D247C}.Release|Any CPU.Build.0 = Release|Any CPU
	EndGlobalSection
	GlobalSection(SolutionProperties) = preSolution
		HideSolutionNode = FALSE
	EndGlobalSection
	GlobalSection(ExtensibilityGlobals) = postSolution
		SolutionGuid = {88BB1ED9-7477-4E44-BADF-B8E1D2E9C093}
	EndGlobalSection
EndGlobal
