
Microsoft Visual Studio Solution File, Format Version 12.00
# Visual Studio Version 17
VisualStudioVersion = 17.14.37111.16 d17.14
MinimumVisualStudioVersion = 10.0.40219.1
Project("{FAE04EC0-301F-11D3-BF4B-00C04F79EFBC}") = "C#Task-(Loops,String,Array)", "C#Task-(Loops,String,Array).csproj", "{34484B0A-378A-4B1C-BDA7-73FA8CCCB253}"
EndProject
Global
	GlobalSection(SolutionConfigurationPlatforms) = preSolution
		Debug|Any CPU = Debug|Any CPU
		Release|Any CPU = Release|Any CPU
	EndGlobalSection
	GlobalSection(ProjectConfigurationPlatforms) = postSolution
		{34484B0A-378A-4B1C-BDA7-73FA8CCCB253}.Debug|Any CPU.ActiveCfg = Debug|Any CPU
		{34484B0A-378A-4B1C-BDA7-73FA8CCCB253}.Debug|Any CPU.Build.0 = Debug|Any CPU
		{34484B0A-378A-4B1C-BDA7-73FA8CCCB253}.Release|Any CPU.ActiveCfg = Release|Any CPU
		{34484B0A-378A-4B1C-BDA7-73FA8CCCB253}.Release|Any CPU.Build.0 = Release|Any CPU
	EndGlobalSection
	GlobalSection(SolutionProperties) = preSolution
		HideSolutionNode = FALSE
	EndGlobalSection
	GlobalSection(ExtensibilityGlobals) = postSolution
		SolutionGuid = {E330FD64-D83F-454F-BDDC-D0316E02EC72}
	EndGlobalSection
EndGlobal
