
Microsoft Visual Studio Solution File, Format Version 12.00
# Visual Studio Version 17
VisualStudioVersion = 17.14.37111.16 d17.14
MinimumVisualStudioVersion = 10.0.40219.1
Project("{FAE04EC0-301F-11D3-BF4B-00C04F79EFBC}") = "oop4-tasks", "oop4-tasks.csproj", "{71366E1D-289B-4406-BE85-84C70ACC66EB}"
EndProject
Global
	GlobalSection(SolutionConfigurationPlatforms) = preSolution
		Debug|Any CPU = Debug|Any CPU
		Release|Any CPU = Release|Any CPU
	EndGlobalSection
	GlobalSection(ProjectConfigurationPlatforms) = postSolution
		{71366E1D-289B-4406-BE85-84C70ACC66EB}.Debug|Any CPU.ActiveCfg = Debug|Any CPU
		{71366E1D-289B-4406-BE85-84C70ACC66EB}.Debug|Any CPU.Build.0 = Debug|Any CPU
		{71366E1D-289B-4406-BE85-84C70ACC66EB}.Release|Any CPU.ActiveCfg = Release|Any CPU
		{71366E1D-289B-4406-BE85-84C70ACC66EB}.Release|Any CPU.Build.0 = Release|Any CPU
	EndGlobalSection
	GlobalSection(SolutionProperties) = preSolution
		HideSolutionNode = FALSE
	EndGlobalSection
	GlobalSection(ExtensibilityGlobals) = postSolution
		SolutionGuid = {C06ED00A-A212-4F36-B4EE-7812CEFCEA2A}
	EndGlobalSection
EndGlobal
