
Microsoft Visual Studio Solution File, Format Version 12.00
# Visual Studio Version 17
VisualStudioVersion = 17.14.37111.16 d17.14
MinimumVisualStudioVersion = 10.0.40219.1
Project("{FAE04EC0-301F-11D3-BF4B-00C04F79EFBC}") = "c#-loops-arrays-strings", "c#-loops-arrays-strings.csproj", "{111493DF-2E32-4E4C-8F56-5DBE8E917C3B}"
EndProject
Global
	GlobalSection(SolutionConfigurationPlatforms) = preSolution
		Debug|Any CPU = Debug|Any CPU
		Release|Any CPU = Release|Any CPU
	EndGlobalSection
	GlobalSection(ProjectConfigurationPlatforms) = postSolution
		{111493DF-2E32-4E4C-8F56-5DBE8E917C3B}.Debug|Any CPU.ActiveCfg = Debug|Any CPU
		{111493DF-2E32-4E4C-8F56-5DBE8E917C3B}.Debug|Any CPU.Build.0 = Debug|Any CPU
		{111493DF-2E32-4E4C-8F56-5DBE8E917C3B}.Release|Any CPU.ActiveCfg = Release|Any CPU
		{111493DF-2E32-4E4C-8F56-5DBE8E917C3B}.Release|Any CPU.Build.0 = Release|Any CPU
	EndGlobalSection
	GlobalSection(SolutionProperties) = preSolution
		HideSolutionNode = FALSE
	EndGlobalSection
	GlobalSection(ExtensibilityGlobals) = postSolution
		SolutionGuid = {F90CF552-AD64-4D30-BC66-7AD100A1ED3E}
	EndGlobalSection
EndGlobal
