
Microsoft Visual Studio Solution File, Format Version 12.00
# Visual Studio Version 17
VisualStudioVersion = 17.14.37111.16 d17.14
MinimumVisualStudioVersion = 10.0.40219.1
Project("{FAE04EC0-301F-11D3-BF4B-00C04F79EFBC}") = "oop1-tasks", "oop1-tasks.csproj", "{6C15AA2B-D45C-43C8-B778-B985B55ACB6D}"
EndProject
Global
	GlobalSection(SolutionConfigurationPlatforms) = preSolution
		Debug|Any CPU = Debug|Any CPU
		Release|Any CPU = Release|Any CPU
	EndGlobalSection
	GlobalSection(ProjectConfigurationPlatforms) = postSolution
		{6C15AA2B-D45C-43C8-B778-B985B55ACB6D}.Debug|Any CPU.ActiveCfg = Debug|Any CPU
		{6C15AA2B-D45C-43C8-B778-B985B55ACB6D}.Debug|Any CPU.Build.0 = Debug|Any CPU
		{6C15AA2B-D45C-43C8-B778-B985B55ACB6D}.Release|Any CPU.ActiveCfg = Release|Any CPU
		{6C15AA2B-D45C-43C8-B778-B985B55ACB6D}.Release|Any CPU.Build.0 = Release|Any CPU
	EndGlobalSection
	GlobalSection(SolutionProperties) = preSolution
		HideSolutionNode = FALSE
	EndGlobalSection
	GlobalSection(ExtensibilityGlobals) = postSolution
		SolutionGuid = {DB64D993-0362-44AF-86F2-3111B6AEC95F}
	EndGlobalSection
EndGlobal
